github.com/CloudyKit/fastprinter v0.0.0-20200109182630-33d98a066a53 h1:sR+/8Yb4slttB4vD+b9btVEnWgL3Q00OBTzVT8B9C0c=
github.com/CloudyKit/fastprinter v0.0.0-20200109182630-33d98a066a53/go.mod h1:+3IMCy2vIlbG1XG/0ggNQv0SvxCAIpPM5b1nCz56Xno=
github.com/CloudyKit/jet/v6 v6.1.0 h1:hvO96X345XagdH1fAoBjpBYG4a1ghhL/QzalkduPuXk=
github.com/CloudyKit/jet/v6 v6.1.0/go.mod h1:d3ypHeIRNo2+XyqnGA8s+aphtcVpjP5hPwP/Lzo7Ro4=
github.com/davecgh/go-spew v1.1.0 h1:ZDRjVQ15GmhC3fiQ8ni8+OwkZQO4DARzQgrnXU1Liz8=
github.com/davecgh/go-spew v1.1.0/go.mod h1:J7Y8YcW2NihsgmVo/mv3lAwl/skON4iLHjSsI+c5H38=
github.com/goclub/conv v0.0.0-20210212152229-4c7944a42840 h1:XGSWD0qFbSqWso8hrJU3OBNVEyw+R3jd/tU578Yr4fk=
github.com/goclub/conv v0.0.0-20210212152229-4c7944a42840/go.mod h1:iAu2C+UiczzPo2c9enIIzM5xeLbvpbpPw8bzmL4xt80=
github.com/goclub/error v0.0.0-20210728132129-b001d25da138 h1:hAcpXWPuEbQbhbieHI7ulvuH8bgid0w2IeuiwQiHzqg=
github.com/goclub/error v0.0.0-20210728132129-b001d25da138/go.mod h1:2ombCAL3uNuhVNevp56iOpelgiQIyxlYkz7t6nWEC18=
github.com/goclub/json v0.0.0-20201212033753-4350fe0a941e/go.mod h1:K7bX26XRz/QHEzyXUZNCYwN8yQsrfedeC1hhsE9HcRk=
github.com/goclub/json v0.0.0-20201216064424-4c200d38c18f h1:xWeyqRM/ZFaZ4iE9SXcKgozxs+VrouZI/spJUax3qzI=
github.com/goclub/json v0.0.0-20201216064424-4c200d38c18f/go.mod h1:K7bX26XRz/QHEzyXUZNCYwN8yQsrfedeC1hhsE9HcRk=
github.com/goclub/reflect v0.0.0-20201224025738-7f37ac2827fc h1:sxZyievtovcLzlbQYj+iBha+w7pFJg/4D3nF8ZzzSnU=
github.com/goclub/reflect v0.0.0-20201224025738-7f37ac2827fc/go.mod h1:gZD1Jbtu5ZI1wM8tuCdqlR5l7PsLZbbPsNWrrCbHCpw=
github.com/goclub/time v0.0.0-20210216123546-3bdf423eb95f h1:hrONfxE5IRcPdV4k9O5/cjCYnwHbaXYVUC7aovssryo=
github.com/goclub/time v0.0.0-20210216123546-3bdf423eb95f/go.mod h1:ubQiIzvf3qBw+a+J5563Rpf3yq2UvsVQzESGdg1rR4A=
github.com/google/uuid v1.2.0 h1:qJYtXnJRWmpe7m/3XlyhrsLrEURqHRM2kxzoxXqyUDs=
github.com/google/uuid v1.2.0/go.mod h1:TIyPZe4MgqvfeYDBFedMoGGpEw/LqOeaOT+nhxU+yHo=
github.com/gorilla/mux v1.8.0 h1:i40aqfkR1h2SlN9hojwV5ZA91wcXFOvkdNIeFDP5koI=
github.com/gorilla/mux v1.8.0/go.mod h1:DVbg23sWSpFRCP0SfiEN6jmj59UnW/n46BH5rLB71So=
github.com/pkg/errors v0.9.1 h1:FEBLx1zS214owpjy7qsBeixbURkuhQAwrK5UwLGTwt4=
github.com/pkg/errors v0.9.1/go.mod h1:bwawxfHBFNV+L2hUp1rHADufV3IMtnDRdf1r5NINEl0=
github.com/pmezard/go-difflib v1.0.0 h1:4DBwDE0NGyQoBHbLQYPwSUPoCMWR5BEzIk/f1lZbAQM=
github.com/pmezard/go-difflib v1.0.0/go.mod h1:iKH77koFhYxTK1pcRnkKkqfTogsbg7gZNVY4sRDYZ/4=
github.com/stretchr/objx v0.1.0/go.mod h1:HFkY916IF+rwdDfMAkV7OtwuqBVzrE8GR6GFx+wExME=
github.com/stretchr/testify v1.6.1/go.mod h1:6Fq8oRcR53rry900zMqJjRRixrwX3KX962/h/Wwjteg=
github.com/stretchr/testify v1.7.0 h1:nwc3DEeHmmLAfoZucVR881uASk0Mfjw8xYJ99tb5CcY=
github.com/stretchr/testify v1.7.0/go.mod h1:6Fq8oRcR53rry900zMqJjRRixrwX3KX962/h/Wwjteg=
github.com/tomasen/realip v0.0.0-20180522021738-f0c99a92ddce h1:fb190+cK2Xz/dvi9Hv8eCYJYvIGUTN2/KLq1pT6CjEc=
github.com/tomasen/realip v0.0.0-20180522021738-f0c99a92ddce/go.mod h1:o8v6yHRoik09Xen7gje4m9ERNah1d1PPsVq1VEx9vE4=
gopkg.in/check.v1 v0.0.0-20161208181325-20d25e280405 h1:yhCVgyC4o1eVCa2tZl7eS0r+SDo693bJlVdllGtEeKM=
gopkg.in/check.v1 v0.0.0-20161208181325-20d25e280405/go.mod h1:Co6ibVJAznAaIkqp8huTwlJQCZ016jof/cbN4VW5Yz0=
gopkg.in/yaml.v3 v3.0.0-20200313102051-9f266ea9e77c h1:dUUwHk2QECo/6vqA44rthZ8ie2QXMNeKRTHCNY2nXvo=
gopkg.in/yaml.v3 v3.0.0-20200313102051-9f266ea9e77c/go.mod h1:K4uyk7z7BCEPqu6E+C64Yfv1cQ7kz7rIZviUmN+EgEM=
